
Microsoft Visual Studio Solution File, Format Version 12.00
# Visual Studio Version 16
VisualStudioVersion = 16.0.32228.343
MinimumVisualStudioVersion = 10.0.40219.1
Project("{9A19103F-16F7-4668-BE54-9A1E7A4F7556}") = "LeapYearCheckerShould", "LeapYearKata\LeapYearCheckerShould.csproj", "{ADC8D58F-B46A-4655-8054-572FDF732840}"
EndProject
Project("{FAE04EC0-301F-11D3-BF4B-00C04F79EFBC}") = "LeapYearKata", "LeapYearChecker\LeapYearKata.csproj", "{D74868AD-EFCF-40C3-B213-0D9101F3B7C5}"
EndProject
Global
	GlobalSection(SolutionConfigurationPlatforms) = preSolution
		Debug|Any CPU = Debug|Any CPU
		Release|Any CPU = Release|Any CPU
	EndGlobalSection
	GlobalSection(ProjectConfigurationPlatforms) = postSolution
		{ADC8D58F-B46A-4655-8054-572FDF732840}.Debug|Any CPU.ActiveCfg = Debug|Any CPU
		{ADC8D58F-B46A-4655-8054-572FDF732840}.Debug|Any CPU.Build.0 = Debug|Any CPU
		{ADC8D58F-B46A-4655-8054-572FDF732840}.Release|Any CPU.ActiveCfg = Release|Any CPU
		{ADC8D58F-B46A-4655-8054-572FDF732840}.Release|Any CPU.Build.0 = Release|Any CPU
		{D74868AD-EFCF-40C3-B213-0D9101F3B7C5}.Debug|Any CPU.ActiveCfg = Debug|Any CPU
		{D74868AD-EFCF-40C3-B213-0D9101F3B7C5}.Debug|Any CPU.Build.0 = Debug|Any CPU
		{D74868AD-EFCF-40C3-B213-0D9101F3B7C5}.Release|Any CPU.ActiveCfg = Release|Any CPU
		{D74868AD-EFCF-40C3-B213-0D9101F3B7C5}.Release|Any CPU.Build.0 = Release|Any CPU
	EndGlobalSection
	GlobalSection(SolutionProperties) = preSolution
		HideSolutionNode = FALSE
	EndGlobalSection
	GlobalSection(ExtensibilityGlobals) = postSolution
		SolutionGuid = {E8EA7CE7-94EC-44DF-8AA9-23C47D0EC2A1}
	EndGlobalSection
EndGlobal
